// !$*UTF8*$!
{
	archiveVersion = 1;
	classes = {
	};
	objectVersion = 46;
	objects = {

/* Begin PBXBuildFile section */
		58073DB21C36190B00320A22 /* main.m in Sources */ = {isa = PBXBuildFile; fileRef = 58073DB11C36190B00320A22 /* main.m */; };
		58073DB51C36190B00320A22 /* AppDelegate.m in Sources */ = {isa = PBXBuildFile; fileRef = 58073DB41C36190B00320A22 /* AppDelegate.m */; };
		58073DBD1C36190B00320A22 /* Assets.xcassets in Resources */ = {isa = PBXBuildFile; fileRef = 58073DBC1C36190B00320A22 /* Assets.xcassets */; };
		58073DCA1C36195B00320A22 /* MainViewController.m in Sources */ = {isa = PBXBuildFile; fileRef = 58073DC81C36195B00320A22 /* MainViewController.m */; };
		58073DCB1C36195B00320A22 /* MainViewController.xib in Resources */ = {isa = PBXBuildFile; fileRef = 58073DC91C36195B00320A22 /* MainViewController.xib */; };
		58073DD11C361F8600320A22 /* RXDefine.m in Sources */ = {isa = PBXBuildFile; fileRef = 58073DD01C361F8600320A22 /* RXDefine.m */; };
		58073DD41C361FA600320A22 /* RXConstString.m in Sources */ = {isa = PBXBuildFile; fileRef = 58073DD31C361FA600320A22 /* RXConstString.m */; };
/* End PBXBuildFile section */

/* Begin PBXFileReference section */
		58073DAD1C36190B00320A22 /* RXAppDefineExample.app */ = {isa = PBXFileReference; explicitFileType = wrapper.application; includeInIndex = 0; path = RXAppDefineExample.app; sourceTree = BUILT_PRODUCTS_DIR; };
		58073DB11C36190B00320A22 /* main.m */ = {isa = PBXFileReference; lastKnownFileType = sourcecode.c.objc; path = main.m; sourceTree = "<group>"; };
		58073DB31C36190B00320A22 /* AppDelegate.h */ = {isa = PBXFileReference; lastKnownFileType = sourcecode.c.h; path = AppDelegate.h; sourceTree = "<group>"; };
		58073DB41C36190B00320A22 /* AppDelegate.m */ = {isa = PBXFileReference; lastKnownFileType = sourcecode.c.objc; path = AppDelegate.m; sourceTree = "<group>"; };
		58073DBC1C36190B00320A22 /* Assets.xcassets */ = {isa = PBXFileReference; lastKnownFileType = folder.assetcatalog; path = Assets.xcassets; sourceTree = "<group>"; };
		58073DC11C36190B00320A22 /* Info.plist */ = {isa = PBXFileReference; lastKnownFileType = text.plist.xml; path = Info.plist; sourceTree = "<group>"; };
		58073DC71C36195B00320A22 /* MainViewController.h */ = {isa = PBXFileReference; fileEncoding = 4; lastKnownFileType = sourcecode.c.h; path = MainViewController.h; sourceTree = "<group>"; };
		58073DC81C36195B00320A22 /* MainViewController.m */ = {isa = PBXFileReference; fileEncoding = 4; lastKnownFileType = sourcecode.c.objc; path = MainViewController.m; sourceTree = "<group>"; };
		58073DC91C36195B00320A22 /* MainViewController.xib */ = {isa = PBXFileReference; fileEncoding = 4; lastKnownFileType = file.xib; path = MainViewController.xib; sourceTree = "<group>"; };
		58073DCE1C361DAE00320A22 /* RXAppDefineHeader.h */ = {isa = PBXFileReference; lastKnownFileType = sourcecode.c.h; path = RXAppDefineHeader.h; sourceTree = "<group>"; };
		58073DCF1C361F8600320A22 /* RXDefine.h */ = {isa = PBXFileReference; fileEncoding = 4; lastKnownFileType = sourcecode.c.h; path = RXDefine.h; sourceTree = "<group>"; };
		58073DD01C361F8600320A22 /* RXDefine.m */ = {isa = PBXFileReference; fileEncoding = 4; lastKnownFileType = sourcecode.c.objc; path = RXDefine.m; sourceTree = "<group>"; };
		58073DD21C361FA600320A22 /* RXConstString.h */ = {isa = PBXFileReference; fileEncoding = 4; lastKnownFileType = sourcecode.c.h; path = RXConstString.h; sourceTree = "<group>"; };
		58073DD31C361FA600320A22 /* RXConstString.m */ = {isa = PBXFileReference; fileEncoding = 4; lastKnownFileType = sourcecode.c.objc; path = RXConstString.m; sourceTree = "<group>"; };
/* End PBXFileReference section */

/* Begin PBXFrameworksBuildPhase section */
		58073DAA1C36190B00320A22 /* Frameworks */ = {
			isa = PBXFrameworksBuildPhase;
			buildActionMask = 2147483647;
			files = (
			);
			runOnlyForDeploymentPostprocessing = 0;
		};
/* End PBXFrameworksBuildPhase section */

/* Begin PBXGroup section */
		58073DA41C36190B00320A22 = {
			isa = PBXGroup;
			children = (
				58073DCD1C36198A00320A22 /* RXAppDefine */,
				58073DAF1C36190B00320A22 /* RXAppDefineExample */,
				58073DAE1C36190B00320A22 /* Products */,
			);
			sourceTree = "<group>";
		};
		58073DAE1C36190B00320A22 /* Products */ = {
			isa = PBXGroup;
			children = (
				58073DAD1C36190B00320A22 /* RXAppDefineExample.app */,
			);
			name = Products;
			sourceTree = "<group>";
		};
		58073DAF1C36190B00320A22 /* RXAppDefineExample */ = {
			isa = PBXGroup;
			children = (
				58073DB31C36190B00320A22 /* AppDelegate.h */,
				58073DB41C36190B00320A22 /* AppDelegate.m */,
				58073DBC1C36190B00320A22 /* Assets.xcassets */,
				58073DC11C36190B00320A22 /* Info.plist */,
				58073DB01C36190B00320A22 /* Supporting Files */,
				58073DC71C36195B00320A22 /* MainViewController.h */,
				58073DC81C36195B00320A22 /* MainViewController.m */,
				58073DC91C36195B00320A22 /* MainViewController.xib */,
			);
			path = RXAppDefineExample;
			sourceTree = "<group>";
		};
		58073DB01C36190B00320A22 /* Supporting Files */ = {
			isa = PBXGroup;
			children = (
				58073DB11C36190B00320A22 /* main.m */,
			);
			name = "Supporting Files";
			sourceTree = "<group>";
		};
		58073DCD1C36198A00320A22 /* RXAppDefine */ = {
			isa = PBXGroup;
			children = (
				58073DD21C361FA600320A22 /* RXConstString.h */,
				58073DD31C361FA600320A22 /* RXConstString.m */,
				58073DCE1C361DAE00320A22 /* RXAppDefineHeader.h */,
				58073DCF1C361F8600320A22 /* RXDefine.h */,
				58073DD01C361F8600320A22 /* RXDefine.m */,
			);
			name = RXAppDefine;
			path = ../RXAppDefine;
			sourceTree = "<group>";
		};
/* End PBXGroup section */

/* Begin PBXNativeTarget section */
		58073DAC1C36190B00320A22 /* RXAppDefineExample */ = {
			isa = PBXNativeTarget;
			buildConfigurationList = 58073DC41C36190B00320A22 /* Build configuration list for PBXNativeTarget "RXAppDefineExample" */;
			buildPhases = (
				58073DA91C36190B00320A22 /* Sources */,
				58073DAA1C36190B00320A22 /* Frameworks */,
				58073DAB1C36190B00320A22 /* Resources */,
			);
			buildRules = (
			);
			dependencies = (
			);
			name = RXAppDefineExample;
			productName = RXAppDefineExample;
			productReference = 58073DAD1C36190B00320A22 /* RXAppDefineExample.app */;
			productType = "com.apple.product-type.application";
		};
/* End PBXNativeTarget section */

/* Begin PBXProject section */
		58073DA51C36190B00320A22 /* Project object */ = {
			isa = PBXProject;
			attributes = {
				LastUpgradeCheck = 0720;
				ORGANIZATIONNAME = Rush.D.Xzj;
				TargetAttributes = {
					58073DAC1C36190B00320A22 = {
						CreatedOnToolsVersion = 7.2;
					};
				};
			};
			buildConfigurationList = 58073DA81C36190B00320A22 /* Build configuration list for PBXProject "RXAppDefineExample" */;
			compatibilityVersion = "Xcode 3.2";
			developmentRegion = English;
			hasScannedForEncodings = 0;
			knownRegions = (
				en,
				Base,
			);
			mainGroup = 58073DA41C36190B00320A22;
			productRefGroup = 58073DAE1C36190B00320A22 /* Products */;
			projectDirPath = "";
			projectRoot = "";
			targets = (
				58073DAC1C36190B00320A22 /* RXAppDefineExample */,
			);
		};
/* End PBXProject section */

/* Begin PBXResourcesBuildPhase section */
		58073DAB1C36190B00320A22 /* Resources */ = {
			isa = PBXResourcesBuildPhase;
			buildActionMask = 2147483647;
			files = (
				58073DBD1C36190B00320A22 /* Assets.xcassets in Resources */,
				58073DCB1C36195B00320A22 /* MainViewController.xib in Resources */,
			);
			runOnlyForDeploymentPostprocessing = 0;
		};
/* End PBXResourcesBuildPhase section */

/* Begin PBXSourcesBuildPhase section */
		58073DA91C36190B00320A22 /* Sources */ = {
			isa = PBXSourcesBuildPhase;
			buildActionMask = 2147483647;
			files = (
				58073DB51C36190B00320A22 /* AppDelegate.m in Sources */,
				58073DD41C361FA600320A22 /* RXConstString.m in Sources */,
				58073DCA1C36195B00320A22 /* MainViewController.m in Sources */,
				58073DD11C361F8600320A22 /* RXDefine.m in Sources */,
				58073DB21C36190B00320A22 /* main.m in Sources */,
			);
			runOnlyForDeploymentPostprocessing = 0;
		};
/* End PBXSourcesBuildPhase section */

/* Begin XCBuildConfiguration section */
		58073DC21C36190B00320A22 /* Debug */ = {
			isa = XCBuildConfiguration;
			buildSettings = {
				ALWAYS_SEARCH_USER_PATHS = NO;
				CLANG_CXX_LANGUAGE_STANDARD = "gnu++0x";
				CLANG_CXX_LIBRARY = "libc++";
				CLANG_ENABLE_MODULES = YES;
				CLANG_ENABLE_OBJC_ARC = YES;
				CLANG_WARN_BOOL_CONVERSION = YES;
				CLANG_WARN_CONSTANT_CONVERSION = YES;
				CLANG_WARN_DIRECT_OBJC_ISA_USAGE = YES_ERROR;
				CLANG_WARN_EMPTY_BODY = YES;
				CLANG_WARN_ENUM_CONVERSION = YES;
				CLANG_WARN_INT_CONVERSION = YES;
				CLANG_WARN_OBJC_ROOT_CLASS = YES_ERROR;
				CLANG_WARN_UNREACHABLE_CODE = YES;
				CLANG_WARN__DUPLICATE_METHOD_MATCH = YES;
				"CODE_SIGN_IDENTITY[sdk=iphoneos*]" = "iPhone Developer";
				COPY_PHASE_STRIP = NO;
				DEBUG_INFORMATION_FORMAT = dwarf;
				ENABLE_STRICT_OBJC_MSGSEND = YES;
				ENABLE_TESTABILITY = YES;
				GCC_C_LANGUAGE_STANDARD = gnu99;
				GCC_DYNAMIC_NO_PIC = NO;
				GCC_NO_COMMON_BLOCKS = YES;
				GCC_OPTIMIZATION_LEVEL = 0;
				GCC_PREPROCESSOR_DEFINITIONS = (
					"DEBUG=1",
					"$(inherited)",
				);
				GCC_WARN_64_TO_32_BIT_CONVERSION = YES;
				GCC_WARN_ABOUT_RETURN_TYPE = YES_ERROR;
				GCC_WARN_UNDECLARED_SELECTOR = YES;
				GCC_WARN_UNINITIALIZED_AUTOS = YES_AGGRESSIVE;
				GCC_WARN_UNUSED_FUNCTION = YES;
				GCC_WARN_UNUSED_VARIABLE = YES;
				IPHONEOS_DEPLOYMENT_TARGET = 7.0;
				MTL_ENABLE_DEBUG_INFO = YES;
				ONLY_ACTIVE_ARCH = YES;
				SDKROOT = iphoneos;
			};
			name = Debug;
		};
		58073DC31C36190B00320A22 /* Release */ = {
			isa = XCBuildConfiguration;
			buildSettings = {
				ALWAYS_SEARCH_USER_PATHS = NO;
				CLANG_CXX_LANGUAGE_STANDARD = "gnu++0x";
				CLANG_CXX_LIBRARY = "libc++";
				CLANG_ENABLE_MODULES = YES;
				CLANG_ENABLE_OBJC_ARC = YES;
				CLANG_WARN_BOOL_CONVERSION = YES;
				CLANG_WARN_CONSTANT_CONVERSION = YES;
				CLANG_WARN_DIRECT_OBJC_ISA_USAGE = YES_ERROR;
				CLANG_WARN_EMPTY_BODY = YES;
				CLANG_WARN_ENUM_CONVERSION = YES;
				CLANG_WARN_INT_CONVERSION = YES;
				CLANG_WARN_OBJC_ROOT_CLASS = YES_ERROR;
				CLANG_WARN_UNREACHABLE_CODE = YES;
				CLANG_WARN__DUPLICATE_METHOD_MATCH = YES;
				"CODE_SIGN_IDENTITY[sdk=iphoneos*]" = "iPhone Developer";
				COPY_PHASE_STRIP = NO;
				DEBUG_INFORMATION_FORMAT = "dwarf-with-dsym";
				ENABLE_NS_ASSERTIONS = NO;
				ENABLE_STRICT_OBJC_MSGSEND = YES;
				GCC_C_LANGUAGE_STANDARD = gnu99;
				GCC_NO_COMMON_BLOCKS = YES;
				GCC_WARN_64_TO_32_BIT_CONVERSION = YES;
				GCC_WARN_ABOUT_RETURN_TYPE = YES_ERROR;
				GCC_WARN_UNDECLARED_SELECTOR = YES;
				GCC_WARN_UNINITIALIZED_AUTOS = YES_AGGRESSIVE;
				GCC_WARN_UNUSED_FUNCTION = YES;
				GCC_WARN_UNUSED_VARIABLE = YES;
				IPHONEOS_DEPLOYMENT_TARGET = 7.0;
				MTL_ENABLE_DEBUG_INFO = NO;
				SDKROOT = iphoneos;
				VALIDATE_PRODUCT = YES;
			};
			name = Release;
		};
		58073DC51C36190B00320A22 /* Debug */ = {
			isa = XCBuildConfiguration;
			buildSettings = {
				ASSETCATALOG_COMPILER_APPICON_NAME = AppIcon;
				ASSETCATALOG_COMPILER_LAUNCHIMAGE_NAME = LaunchImage;
				INFOPLIST_FILE = RXAppDefineExample/Info.plist;
				LD_RUNPATH_SEARCH_PATHS = "$(inherited) @executable_path/Frameworks";
				PRODUCT_BUNDLE_IDENTIFIER = com.xzj.RXAppDefineExample;
				PRODUCT_NAME = "$(TARGET_NAME)";
			};
			name = Debug;
		};
		58073DC61C36190B00320A22 /* Release */ = {
			isa = XCBuildConfiguration;
			buildSettings = {
				ASSETCATALOG_COMPILER_APPICON_NAME = AppIcon;
				ASSETCATALOG_COMPILER_LAUNCHIMAGE_NAME = LaunchImage;
				INFOPLIST_FILE = RXAppDefineExample/Info.plist;
				LD_RUNPATH_SEARCH_PATHS = "$(inherited) @executable_path/Frameworks";
				PRODUCT_BUNDLE_IDENTIFIER = com.xzj.RXAppDefineExample;
				PRODUCT_NAME = "$(TARGET_NAME)";
			};
			name = Release;
		};
/* End XCBuildConfiguration section */

/* Begin XCConfigurationList section */
		58073DA81C36190B00320A22 /* Build configuration list for PBXProject "RXAppDefineExample" */ = {
			isa = XCConfigurationList;
			buildConfigurations = (
				58073DC21C36190B00320A22 /* Debug */,
				58073DC31C36190B00320A22 /* Release */,
			);
			defaultConfigurationIsVisible = 0;
			defaultConfigurationName = Release;
		};
		58073DC41C36190B00320A22 /* Build configuration list for PBXNativeTarget "RXAppDefineExample" */ = {
			isa = XCConfigurationList;
			buildConfigurations = (
				58073DC51C36190B00320A22 /* Debug */,
				58073DC61C36190B00320A22 /* Release */,
			);
			defaultConfigurationIsVisible = 0;
		};
/* End XCConfigurationList section */
	};
	rootObject = 58073DA51C36190B00320A22 /* Project object */;
}
